lockfileVersion: 5.3

specifiers:
  vitepress: ^0.21.6
  vue: ^3.2.29

devDependencies:
  vitepress: registry.npmmirror.com/vitepress/0.21.6
  vue: registry.npmmirror.com/vue/3.2.31

packages:

  registry.npmmirror.com/@algolia/autocomplete-core/1.5.2:
    resolution: {integrity: sha512-DY0bhyczFSS1b/CqJlTE/nQRtnTAHl6IemIkBy0nEWnhDzRDdtdx4p5Uuk3vwAFxwEEgi1WqKwgSSMx6DpNL4A==, registry: http://registry.npm.taobao.org/, tarball: https://registry.npmmirror.com/@algolia/autocomplete-core/download/@algolia/autocomplete-core-1.5.2.tgz}
    name: '@algolia/autocomplete-core'
    version: 1.5.2
    dependencies:
      '@algolia/autocomplete-shared': registry.npmmirror.com/@algolia/autocomplete-shared/1.5.2
    dev: true

  registry.npmmirror.com/@algolia/autocomplete-preset-algolia/1.5.2_algoliasearch@4.12.1:
    resolution: {integrity: sha512-3MRYnYQFJyovANzSX2CToS6/5cfVjbLLqFsZTKcvF3abhQzxbqwwaMBlJtt620uBUOeMzhdfasKhCc40+RHiZw==, registry: http://registry.npm.taobao.org/, tarball: https://registry.npmmirror.com/@algolia/autocomplete-preset-algolia/download/@algolia/autocomplete-preset-algolia-1.5.2.tgz}
    id: registry.npmmirror.com/@algolia/autocomplete-preset-algolia/1.5.2
    name: '@algolia/autocomplete-preset-algolia'
    version: 1.5.2
    peerDependencies:
      '@algolia/client-search': ^4.9.1
      algoliasearch: ^4.9.1
    dependencies:
      '@algolia/autocomplete-shared': registry.npmmirror.com/@algolia/autocomplete-shared/1.5.2
      algoliasearch: registry.npmmirror.com/algoliasearch/4.12.1
    dev: true

  registry.npmmirror.com/@algolia/autocomplete-shared/1.5.2:
    resolution: {integrity: sha512-ylQAYv5H0YKMfHgVWX0j0NmL8XBcAeeeVQUmppnnMtzDbDnca6CzhKj3Q8eF9cHCgcdTDdb5K+3aKyGWA0obug==, registry: http://registry.npm.taobao.org/, tarball: https://registry.npmmirror.com/@algolia/autocomplete-shared/download/@algolia/autocomplete-shared-1.5.2.tgz}
    name: '@algolia/autocomplete-shared'
    version: 1.5.2
    dev: true

  registry.npmmirror.com/@algolia/cache-browser-local-storage/4.12.1:
    resolution: {integrity: sha512-ERFFOnC9740xAkuO0iZTQqm2AzU7Dpz/s+g7o48GlZgx5p9GgNcsuK5eS0GoW/tAK+fnKlizCtlFHNuIWuvfsg==, registry: http://registry.npm.taobao.org/, tarball: https://registry.npmmirror.com/@algolia/cache-browser-local-storage/download/@algolia/cache-browser-local-storage-4.12.1.tgz}
    name: '@algolia/cache-browser-local-storage'
    version: 4.12.1
    dependencies:
      '@algolia/cache-common': registry.npmmirror.com/@algolia/cache-common/4.12.1
    dev: true

  registry.npmmirror.com/@algolia/cache-common/4.12.1:
    resolution: {integrity: sha512-UugTER3V40jT+e19Dmph5PKMeliYKxycNPwrPNADin0RcWNfT2QksK9Ff2N2W7UKraqMOzoeDb4LAJtxcK1a8Q==, registry: http://registry.npm.taobao.org/, tarball: https://registry.npmmirror.com/@algolia/cache-common/download/@algolia/cache-common-4.12.1.tgz}
    name: '@algolia/cache-common'
    version: 4.12.1
    dev: true

  registry.npmmirror.com/@algolia/cache-in-memory/4.12.1:
    resolution: {integrity: sha512-U6iaunaxK1lHsAf02UWF58foKFEcrVLsHwN56UkCtwn32nlP9rz52WOcHsgk6TJrL8NDcO5swMjtOQ5XHESFLw==, registry: http://registry.npm.taobao.org/, tarball: https://registry.npmmirror.com/@algolia/cache-in-memory/download/@algolia/cache-in-memory-4.12.1.tgz}
    name: '@algolia/cache-in-memory'
    version: 4.12.1
    dependencies:
      '@algolia/cache-common': registry.npmmirror.com/@algolia/cache-common/4.12.1
    dev: true

  registry.npmmirror.com/@algolia/client-account/4.12.1:
    resolution: {integrity: sha512-jGo4ConJNoMdTCR2zouO0jO/JcJmzOK6crFxMMLvdnB1JhmMbuIKluOTJVlBWeivnmcsqb7r0v7qTCPW5PAyxQ==, registry: http://registry.npm.taobao.org/, tarball: https://registry.npmmirror.com/@algolia/client-account/download/@algolia/client-account-4.12.1.tgz}
    name: '@algolia/client-account'
    version: 4.12.1
    dependencies:
      '@algolia/client-common': registry.npmmirror.com/@algolia/client-common/4.12.1
      '@algolia/client-search': registry.npmmirror.com/@algolia/client-search/4.12.1
      '@algolia/transporter': registry.npmmirror.com/@algolia/transporter/4.12.1
    dev: true

  registry.npmmirror.com/@algolia/client-analytics/4.12.1:
    resolution: {integrity: sha512-h1It7KXzIthlhuhfBk7LteYq72tym9maQDUsyRW0Gft8b6ZQahnRak9gcCvKwhcJ1vJoP7T7JrNYGiYSicTD9g==, registry: http://registry.npm.taobao.org/, tarball: https://registry.npmmirror.com/@algolia/client-analytics/download/@algolia/client-analytics-4.12.1.tgz}
    name: '@algolia/client-analytics'
    version: 4.12.1
    dependencies:
      '@algolia/client-common': registry.npmmirror.com/@algolia/client-common/4.12.1
      '@algolia/client-search': registry.npmmirror.com/@algolia/client-search/4.12.1
      '@algolia/requester-common': registry.npmmirror.com/@algolia/requester-common/4.12.1
      '@algolia/transporter': registry.npmmirror.com/@algolia/transporter/4.12.1
    dev: true

  registry.npmmirror.com/@algolia/client-common/4.12.1:
    resolution: {integrity: sha512-obnJ8eSbv+h94Grk83DTGQ3bqhViSWureV6oK1s21/KMGWbb3DkduHm+lcwFrMFkjSUSzosLBHV9EQUIBvueTw==, registry: http://registry.npm.taobao.org/, tarball: https://registry.npmmirror.com/@algolia/client-common/download/@algolia/client-common-4.12.1.tgz}
    name: '@algolia/client-common'
    version: 4.12.1
    dependencies:
      '@algolia/requester-common': registry.npmmirror.com/@algolia/requester-common/4.12.1
      '@algolia/transporter': registry.npmmirror.com/@algolia/transporter/4.12.1
    dev: true

  registry.npmmirror.com/@algolia/client-personalization/4.12.1:
    resolution: {integrity: sha512-sMSnjjPjRgByGHYygV+5L/E8a6RgU7l2GbpJukSzJ9GRY37tHmBHuvahv8JjdCGJ2p7QDYLnQy5bN5Z02qjc7Q==, registry: http://registry.npm.taobao.org/, tarball: https://registry.npmmirror.com/@algolia/client-personalization/download/@algolia/client-personalization-4.12.1.tgz}
    name: '@algolia/client-personalization'
    version: 4.12.1
    dependencies:
      '@algolia/client-common': registry.npmmirror.com/@algolia/client-common/4.12.1
      '@algolia/requester-common': registry.npmmirror.com/@algolia/requester-common/4.12.1
      '@algolia/transporter': registry.npmmirror.com/@algolia/transporter/4.12.1
    dev: true

  registry.npmmirror.com/@algolia/client-search/4.12.1:
    resolution: {integrity: sha512-MwwKKprfY6X2nJ5Ki/ccXM2GDEePvVjZnnoOB2io3dLKW4fTqeSRlC5DRXeFD7UM0vOPPHr4ItV2aj19APKNVQ==, registry: http://registry.npm.taobao.org/, tarball: https://registry.npmmirror.com/@algolia/client-search/download/@algolia/client-search-4.12.1.tgz}
    name: '@algolia/client-search'
    version: 4.12.1
    dependencies:
      '@algolia/client-common': registry.npmmirror.com/@algolia/client-common/4.12.1
      '@algolia/requester-common': registry.npmmirror.com/@algolia/requester-common/4.12.1
      '@algolia/transporter': registry.npmmirror.com/@algolia/transporter/4.12.1
    dev: true

  registry.npmmirror.com/@algolia/logger-common/4.12.1:
    resolution: {integrity: sha512-fCgrzlXGATNqdFTxwx0GsyPXK+Uqrx1SZ3iuY2VGPPqdt1a20clAG2n2OcLHJpvaa6vMFPlJyWvbqAgzxdxBlQ==, registry: http://registry.npm.taobao.org/, tarball: https://registry.npmmirror.com/@algolia/logger-common/download/@algolia/logger-common-4.12.1.tgz}
    name: '@algolia/logger-common'
    version: 4.12.1
    dev: true

  registry.npmmirror.com/@algolia/logger-console/4.12.1:
    resolution: {integrity: sha512-0owaEnq/davngQMYqxLA4KrhWHiXujQ1CU3FFnyUcMyBR7rGHI48zSOUpqnsAXrMBdSH6rH5BDkSUUFwsh8RkQ==, registry: http://registry.npm.taobao.org/, tarball: https://registry.npmmirror.com/@algolia/logger-console/download/@algolia/logger-console-4.12.1.tgz}
    name: '@algolia/logger-console'
    version: 4.12.1
    dependencies:
      '@algolia/logger-common': registry.npmmirror.com/@algolia/logger-common/4.12.1
    dev: true

  registry.npmmirror.com/@algolia/requester-browser-xhr/4.12.1:
    resolution: {integrity: sha512-OaMxDyG0TZG0oqz1lQh9e3woantAG1bLnuwq3fmypsrQxra4IQZiyn1x+kEb69D2TcXApI5gOgrD4oWhtEVMtw==, registry: http://registry.npm.taobao.org/, tarball: https://registry.npmmirror.com/@algolia/requester-browser-xhr/download/@algolia/requester-browser-xhr-4.12.1.tgz}
    name: '@algolia/requester-browser-xhr'
    version: 4.12.1
    dependencies:
      '@algolia/requester-common': registry.npmmirror.com/@algolia/requester-common/4.12.1
    dev: true

  registry.npmmirror.com/@algolia/requester-common/4.12.1:
    resolution: {integrity: sha512-XWIrWQNJ1vIrSuL/bUk3ZwNMNxl+aWz6dNboRW6+lGTcMIwc3NBFE90ogbZKhNrFRff8zI4qCF15tjW+Fyhpow==, registry: http://registry.npm.taobao.org/, tarball: https://registry.npmmirror.com/@algolia/requester-common/download/@algolia/requester-common-4.12.1.tgz}
    name: '@algolia/requester-common'
    version: 4.12.1
    dev: true

  registry.npmmirror.com/@algolia/requester-node-http/4.12.1:
    resolution: {integrity: sha512-awBtwaD+s0hxkA1aehYn8F0t9wqGoBVWgY4JPHBmp1ChO3pK7RKnnvnv7QQa9vTlllX29oPt/BBVgMo1Z3n1Qg==, registry: http://registry.npm.taobao.org/, tarball: https://registry.npmmirror.com/@algolia/requester-node-http/download/@algolia/requester-node-http-4.12.1.tgz}
    name: '@algolia/requester-node-http'
    version: 4.12.1
    dependencies:
      '@algolia/requester-common': registry.npmmirror.com/@algolia/requester-common/4.12.1
    dev: true

  registry.npmmirror.com/@algolia/transporter/4.12.1:
    resolution: {integrity: sha512-BGeNgdEHc6dXIk2g8kdlOoQ6fQ6OIaKQcplEj7HPoi+XZUeAvRi3Pff3QWd7YmybWkjzd9AnTzieTASDWhL+sQ==, registry: http://registry.npm.taobao.org/, tarball: https://registry.npmmirror.com/@algolia/transporter/download/@algolia/transporter-4.12.1.tgz}
    name: '@algolia/transporter'
    version: 4.12.1
    dependencies:
      '@algolia/cache-common': registry.npmmirror.com/@algolia/cache-common/4.12.1
      '@algolia/logger-common': registry.npmmirror.com/@algolia/logger-common/4.12.1
      '@algolia/requester-common': registry.npmmirror.com/@algolia/requester-common/4.12.1
    dev: true

  registry.npmmirror.com/@babel/parser/7.17.3:
    resolution: {integrity: sha512-7yJPvPV+ESz2IUTPbOL+YkIGyCqOyNIzdguKQuJGnH7bg1WTIifuM21YqokFt/THWh1AkCRn9IgoykTRCBVpzA==, registry: http://registry.npm.taobao.org/, tarball: https://registry.npmmirror.com/@babel/parser/-/parser-7.17.3.tgz}
    name: '@babel/parser'
    version: 7.17.3
    engines: {node: '>=6.0.0'}
    hasBin: true
    dev: true

  registry.npmmirror.com/@docsearch/css/3.0.0-alpha.50:
    resolution: {integrity: sha512-QeWFCQOtS9D+Fi20liKsPXF2j/xWKh52e+P2Z1UATIdPMqmH6zoB2lcUz+cgv6PPVgWUtECeR6VSSUm71LT94w==, registry: http://registry.npm.taobao.org/, tarball: https://registry.npmmirror.com/@docsearch/css/-/css-3.0.0-alpha.50.tgz}
    name: '@docsearch/css'
    version: 3.0.0-alpha.50
    dev: true

  registry.npmmirror.com/@docsearch/js/3.0.0-alpha.50:
    resolution: {integrity: sha512-1ap9Wz5oR/Z8yybaCZhsptXU43es3H52eEQUZtmzb8dUWyCW+3iXaKVB/qeMJOQWtggZ/WvZV3YknVIbCMR2dQ==, registry: http://registry.npm.taobao.org/, tarball: https://registry.npmmirror.com/@docsearch/js/-/js-3.0.0-alpha.50.tgz}
    name: '@docsearch/js'
    version: 3.0.0-alpha.50
    dependencies:
      '@docsearch/react': registry.npmmirror.com/@docsearch/react/3.0.0-alpha.50
      preact: registry.npmmirror.com/preact/10.6.6
    transitivePeerDependencies:
      - '@algolia/client-search'
      - '@types/react'
      - react
      - react-dom
    dev: true

  registry.npmmirror.com/@docsearch/react/3.0.0-alpha.50:
    resolution: {integrity: sha512-oDGV1zZCRYv7MWsh6CyQVthYTRc3b4q+6kKwNYb1/g/Wf/4nJHutpxolFLHdEUDhrJ4Xi8wxwQG+lEwAVBTHPg==, registry: http://registry.npm.taobao.org/, tarball: https://registry.npmmirror.com/@docsearch/react/-/react-3.0.0-alpha.50.tgz}
    name: '@docsearch/react'
    version: 3.0.0-alpha.50
    peerDependencies:
      '@types/react': '>= 16.8.0 < 18.0.0'
      react: '>= 16.8.0 < 18.0.0'
      react-dom: '>= 16.8.0 < 18.0.0'
    dependencies:
      '@algolia/autocomplete-core': registry.npmmirror.com/@algolia/autocomplete-core/1.5.2
      '@algolia/autocomplete-preset-algolia': registry.npmmirror.com/@algolia/autocomplete-preset-algolia/1.5.2_algoliasearch@4.12.1
      '@docsearch/css': registry.npmmirror.com/@docsearch/css/3.0.0-alpha.50
      algoliasearch: registry.npmmirror.com/algoliasearch/4.12.1
    transitivePeerDependencies:
      - '@algolia/client-search'
    dev: true

  registry.npmmirror.com/@vitejs/plugin-vue/2.2.2_vite@2.8.4+vue@3.2.31:
    resolution: {integrity: sha512-3C0s45VOwIFEDU+2ownJOpb0zD5fnjXWaHVOLID2R1mYOlAx3doNBFnNbVjaZvpke/L7IdPJXjpyYpXZToDKig==, registry: http://registry.npm.taobao.org/, tarball: https://registry.npmmirror.com/@vitejs/plugin-vue/-/plugin-vue-2.2.2.tgz}
    id: registry.npmmirror.com/@vitejs/plugin-vue/2.2.2
    name: '@vitejs/plugin-vue'
    version: 2.2.2
    engines: {node: '>=12.0.0'}
    peerDependencies:
      vite: ^2.5.10
      vue: ^3.2.25
    dependencies:
      vite: registry.npmmirror.com/vite/2.8.4
      vue: registry.npmmirror.com/vue/3.2.31
    dev: true

  registry.npmmirror.com/@vue/compiler-core/3.2.31:
    resolution: {integrity: sha512-aKno00qoA4o+V/kR6i/pE+aP+esng5siNAVQ422TkBNM6qA4veXiZbSe8OTXHXquEi/f6Akc+nLfB4JGfe4/WQ==, registry: http://registry.npm.taobao.org/, tarball: https://registry.npmmirror.com/@vue/compiler-core/-/compiler-core-3.2.31.tgz}
    name: '@vue/compiler-core'
    version: 3.2.31
    dependencies:
      '@babel/parser': registry.npmmirror.com/@babel/parser/7.17.3
      '@vue/shared': registry.npmmirror.com/@vue/shared/3.2.31
      estree-walker: registry.npmmirror.com/estree-walker/2.0.2
      source-map: registry.npmmirror.com/source-map/0.6.1
    dev: true

  registry.npmmirror.com/@vue/compiler-dom/3.2.31:
    resolution: {integrity: sha512-60zIlFfzIDf3u91cqfqy9KhCKIJgPeqxgveH2L+87RcGU/alT6BRrk5JtUso0OibH3O7NXuNOQ0cDc9beT0wrg==, registry: http://registry.npm.taobao.org/, tarball: https://registry.npmmirror.com/@vue/compiler-dom/-/compiler-dom-3.2.31.tgz}
    name: '@vue/compiler-dom'
    version: 3.2.31
    dependencies:
      '@vue/compiler-core': registry.npmmirror.com/@vue/compiler-core/3.2.31
      '@vue/shared': registry.npmmirror.com/@vue/shared/3.2.31
    dev: true

  registry.npmmirror.com/@vue/compiler-sfc/3.2.31:
    resolution: {integrity: sha512-748adc9msSPGzXgibHiO6T7RWgfnDcVQD+VVwYgSsyyY8Ans64tALHZANrKtOzvkwznV/F4H7OAod/jIlp/dkQ==, registry: http://registry.npm.taobao.org/, tarball: https://registry.npmmirror.com/@vue/compiler-sfc/-/compiler-sfc-3.2.31.tgz}
    name: '@vue/compiler-sfc'
    version: 3.2.31
    dependencies:
      '@babel/parser': registry.npmmirror.com/@babel/parser/7.17.3
      '@vue/compiler-core': registry.npmmirror.com/@vue/compiler-core/3.2.31
      '@vue/compiler-dom': registry.npmmirror.com/@vue/compiler-dom/3.2.31
      '@vue/compiler-ssr': registry.npmmirror.com/@vue/compiler-ssr/3.2.31
      '@vue/reactivity-transform': registry.npmmirror.com/@vue/reactivity-transform/3.2.31
      '@vue/shared': registry.npmmirror.com/@vue/shared/3.2.31
      estree-walker: registry.npmmirror.com/estree-walker/2.0.2
      magic-string: registry.npmmirror.com/magic-string/0.25.7
      postcss: registry.npmmirror.com/postcss/8.4.6
      source-map: registry.npmmirror.com/source-map/0.6.1
    dev: true

  registry.npmmirror.com/@vue/compiler-ssr/3.2.31:
    resolution: {integrity: sha512-mjN0rqig+A8TVDnsGPYJM5dpbjlXeHUm2oZHZwGyMYiGT/F4fhJf/cXy8QpjnLQK4Y9Et4GWzHn9PS8AHUnSkw==, registry: http://registry.npm.taobao.org/, tarball: https://registry.npmmirror.com/@vue/compiler-ssr/-/compiler-ssr-3.2.31.tgz}
    name: '@vue/compiler-ssr'
    version: 3.2.31
    dependencies:
      '@vue/compiler-dom': registry.npmmirror.com/@vue/compiler-dom/3.2.31
      '@vue/shared': registry.npmmirror.com/@vue/shared/3.2.31
    dev: true

  registry.npmmirror.com/@vue/reactivity-transform/3.2.31:
    resolution: {integrity: sha512-uS4l4z/W7wXdI+Va5pgVxBJ345wyGFKvpPYtdSgvfJfX/x2Ymm6ophQlXXB6acqGHtXuBqNyyO3zVp9b1r0MOA==, registry: http://registry.npm.taobao.org/, tarball: https://registry.npmmirror.com/@vue/reactivity-transform/-/reactivity-transform-3.2.31.tgz}
    name: '@vue/reactivity-transform'
    version: 3.2.31
    dependencies:
      '@babel/parser': registry.npmmirror.com/@babel/parser/7.17.3
      '@vue/compiler-core': registry.npmmirror.com/@vue/compiler-core/3.2.31
      '@vue/shared': registry.npmmirror.com/@vue/shared/3.2.31
      estree-walker: registry.npmmirror.com/estree-walker/2.0.2
      magic-string: registry.npmmirror.com/magic-string/0.25.7
    dev: true

  registry.npmmirror.com/@vue/reactivity/3.2.31:
    resolution: {integrity: sha512-HVr0l211gbhpEKYr2hYe7hRsV91uIVGFYNHj73njbARVGHQvIojkImKMaZNDdoDZOIkMsBc9a1sMqR+WZwfSCw==, registry: http://registry.npm.taobao.org/, tarball: https://registry.npmmirror.com/@vue/reactivity/-/reactivity-3.2.31.tgz}
    name: '@vue/reactivity'
    version: 3.2.31
    dependencies:
      '@vue/shared': registry.npmmirror.com/@vue/shared/3.2.31
    dev: true

  registry.npmmirror.com/@vue/runtime-core/3.2.31:
    resolution: {integrity: sha512-Kcog5XmSY7VHFEMuk4+Gap8gUssYMZ2+w+cmGI6OpZWYOEIcbE0TPzzPHi+8XTzAgx1w/ZxDFcXhZeXN5eKWsA==, registry: http://registry.npm.taobao.org/, tarball: https://registry.npmmirror.com/@vue/runtime-core/-/runtime-core-3.2.31.tgz}
    name: '@vue/runtime-core'
    version: 3.2.31
    dependencies:
      '@vue/reactivity': registry.npmmirror.com/@vue/reactivity/3.2.31
      '@vue/shared': registry.npmmirror.com/@vue/shared/3.2.31
    dev: true

  registry.npmmirror.com/@vue/runtime-dom/3.2.31:
    resolution: {integrity: sha512-N+o0sICVLScUjfLG7u9u5XCjvmsexAiPt17GNnaWHJUfsKed5e85/A3SWgKxzlxx2SW/Hw7RQxzxbXez9PtY3g==, registry: http://registry.npm.taobao.org/, tarball: https://registry.npmmirror.com/@vue/runtime-dom/-/runtime-dom-3.2.31.tgz}
    name: '@vue/runtime-dom'
    version: 3.2.31
    dependencies:
      '@vue/runtime-core': registry.npmmirror.com/@vue/runtime-core/3.2.31
      '@vue/shared': registry.npmmirror.com/@vue/shared/3.2.31
      csstype: registry.npmmirror.com/csstype/2.6.19
    dev: true

  registry.npmmirror.com/@vue/server-renderer/3.2.31_vue@3.2.31:
    resolution: {integrity: sha512-8CN3Zj2HyR2LQQBHZ61HexF5NReqngLT3oahyiVRfSSvak+oAvVmu8iNLSu6XR77Ili2AOpnAt1y8ywjjqtmkg==, registry: http://registry.npm.taobao.org/, tarball: https://registry.npmmirror.com/@vue/server-renderer/-/server-renderer-3.2.31.tgz}
    id: registry.npmmirror.com/@vue/server-renderer/3.2.31
    name: '@vue/server-renderer'
    version: 3.2.31
    peerDependencies:
      vue: 3.2.31
    dependencies:
      '@vue/compiler-ssr': registry.npmmirror.com/@vue/compiler-ssr/3.2.31
      '@vue/shared': registry.npmmirror.com/@vue/shared/3.2.31
      vue: registry.npmmirror.com/vue/3.2.31
    dev: true

  registry.npmmirror.com/@vue/shared/3.2.31:
    resolution: {integrity: sha512-ymN2pj6zEjiKJZbrf98UM2pfDd6F2H7ksKw7NDt/ZZ1fh5Ei39X5tABugtT03ZRlWd9imccoK0hE8hpjpU7irQ==, registry: http://registry.npm.taobao.org/, tarball: https://registry.npmmirror.com/@vue/shared/-/shared-3.2.31.tgz}
    name: '@vue/shared'
    version: 3.2.31
    dev: true

  registry.npmmirror.com/algoliasearch/4.12.1:
    resolution: {integrity: sha512-c0dM1g3zZBJrkzE5GA/Nu1y3fFxx3LCzxKzcmp2dgGS8P4CjszB/l3lsSh2MSrrK1Hn/KV4BlbBMXtYgG1Bfrw==, registry: http://registry.npm.taobao.org/, tarball: https://registry.npmmirror.com/algoliasearch/-/algoliasearch-4.12.1.tgz}
    name: algoliasearch
    version: 4.12.1
    dependencies:
      '@algolia/cache-browser-local-storage': registry.npmmirror.com/@algolia/cache-browser-local-storage/4.12.1
      '@algolia/cache-common': registry.npmmirror.com/@algolia/cache-common/4.12.1
      '@algolia/cache-in-memory': registry.npmmirror.com/@algolia/cache-in-memory/4.12.1
      '@algolia/client-account': registry.npmmirror.com/@algolia/client-account/4.12.1
      '@algolia/client-analytics': registry.npmmirror.com/@algolia/client-analytics/4.12.1
      '@algolia/client-common': registry.npmmirror.com/@algolia/client-common/4.12.1
      '@algolia/client-personalization': registry.npmmirror.com/@algolia/client-personalization/4.12.1
      '@algolia/client-search': registry.npmmirror.com/@algolia/client-search/4.12.1
      '@algolia/logger-common': registry.npmmirror.com/@algolia/logger-common/4.12.1
      '@algolia/logger-console': registry.npmmirror.com/@algolia/logger-console/4.12.1
      '@algolia/requester-browser-xhr': registry.npmmirror.com/@algolia/requester-browser-xhr/4.12.1
      '@algolia/requester-common': registry.npmmirror.com/@algolia/requester-common/4.12.1
      '@algolia/requester-node-http': registry.npmmirror.com/@algolia/requester-node-http/4.12.1
      '@algolia/transporter': registry.npmmirror.com/@algolia/transporter/4.12.1
    dev: true

  registry.npmmirror.com/csstype/2.6.19:
    resolution: {integrity: sha512-ZVxXaNy28/k3kJg0Fou5MiYpp88j7H9hLZp8PDC3jV0WFjfH5E9xHb56L0W59cPbKbcHXeP4qyT8PrHp8t6LcQ==, registry: http://registry.npm.taobao.org/, tarball: https://registry.npmmirror.com/csstype/-/csstype-2.6.19.tgz}
    name: csstype
    version: 2.6.19
    dev: true

  registry.npmmirror.com/esbuild-android-arm64/0.14.23:
    resolution: {integrity: sha512-k9sXem++mINrZty1v4FVt6nC5BQCFG4K2geCIUUqHNlTdFnuvcqsY7prcKZLFhqVC1rbcJAr9VSUGFL/vD4vsw==, registry: http://registry.npm.taobao.org/, tarball: https://registry.npmmirror.com/esbuild-android-arm64/-/esbuild-android-arm64-0.14.23.tgz}
    name: esbuild-android-arm64
    version: 0.14.23
    engines: {node: '>=12'}
    cpu: [arm64]
    os: [android]
    requiresBuild: true
    dev: true
    optional: true

  registry.npmmirror.com/esbuild-darwin-64/0.14.23:
    resolution: {integrity: sha512-lB0XRbtOYYL1tLcYw8BoBaYsFYiR48RPrA0KfA/7RFTr4MV7Bwy/J4+7nLsVnv9FGuQummM3uJ93J3ptaTqFug==, registry: http://registry.npm.taobao.org/, tarball: https://registry.npmmirror.com/esbuild-darwin-64/-/esbuild-darwin-64-0.14.23.tgz}
    name: esbuild-darwin-64
    version: 0.14.23
    engines: {node: '>=12'}
    cpu: [x64]
    os: [darwin]
    requiresBuild: true
    dev: true
    optional: true

  registry.npmmirror.com/esbuild-darwin-arm64/0.14.23:
    resolution: {integrity: sha512-yat73Z/uJ5tRcfRiI4CCTv0FSnwErm3BJQeZAh+1tIP0TUNh6o+mXg338Zl5EKChD+YGp6PN+Dbhs7qa34RxSw==, registry: http://registry.npm.taobao.org/, tarball: https://registry.npmmirror.com/esbuild-darwin-arm64/-/esbuild-darwin-arm64-0.14.23.tgz}
    name: esbuild-darwin-arm64
    version: 0.14.23
    engines: {node: '>=12'}
    cpu: [arm64]
    os: [darwin]
    requiresBuild: true
    dev: true
    optional: true

  registry.npmmirror.com/esbuild-freebsd-64/0.14.23:
    resolution: {integrity: sha512-/1xiTjoLuQ+LlbfjJdKkX45qK/M7ARrbLmyf7x3JhyQGMjcxRYVR6Dw81uH3qlMHwT4cfLW4aEVBhP1aNV7VsA==, registry: http://registry.npm.taobao.org/, tarball: https://registry.npmmirror.com/esbuild-freebsd-64/-/esbuild-freebsd-64-0.14.23.tgz}
    name: esbuild-freebsd-64
    version: 0.14.23
    engines: {node: '>=12'}
    cpu: [x64]
    os: [freebsd]
    requiresBuild: true
    dev: true
    optional: true

  registry.npmmirror.com/esbuild-freebsd-arm64/0.14.23:
    resolution: {integrity: sha512-uyPqBU/Zcp6yEAZS4LKj5jEE0q2s4HmlMBIPzbW6cTunZ8cyvjG6YWpIZXb1KK3KTJDe62ltCrk3VzmWHp+iLg==, registry: http://registry.npm.taobao.org/, tarball: https://registry.npmmirror.com/esbuild-freebsd-arm64/-/esbuild-freebsd-arm64-0.14.23.tgz}
    name: esbuild-freebsd-arm64
    version: 0.14.23
    engines: {node: '>=12'}
    cpu: [arm64]
    os: [freebsd]
    requiresBuild: true
    dev: true
    optional: true

  registry.npmmirror.com/esbuild-linux-32/0.14.23:
    resolution: {integrity: sha512-37R/WMkQyUfNhbH7aJrr1uCjDVdnPeTHGeDhZPUNhfoHV0lQuZNCKuNnDvlH/u/nwIYZNdVvz1Igv5rY/zfrzQ==, registry: http://registry.npm.taobao.org/, tarball: https://registry.npmmirror.com/esbuild-linux-32/-/esbuild-linux-32-0.14.23.tgz}
    name: esbuild-linux-32
    version: 0.14.23
    engines: {node: '>=12'}
    cpu: [ia32]
    os: [linux]
    requiresBuild: true
    dev: true
    optional: true

  registry.npmmirror.com/esbuild-linux-64/0.14.23:
    resolution: {integrity: sha512-H0gztDP60qqr8zoFhAO64waoN5yBXkmYCElFklpd6LPoobtNGNnDe99xOQm28+fuD75YJ7GKHzp/MLCLhw2+vQ==, registry: http://registry.npm.taobao.org/, tarball: https://registry.npmmirror.com/esbuild-linux-64/-/esbuild-linux-64-0.14.23.tgz}
    name: esbuild-linux-64
    version: 0.14.23
    engines: {node: '>=12'}
    cpu: [x64]
    os: [linux]
    requiresBuild: true
    dev: true
    optional: true

  registry.npmmirror.com/esbuild-linux-arm/0.14.23:
    resolution: {integrity: sha512-x64CEUxi8+EzOAIpCUeuni0bZfzPw/65r8tC5cy5zOq9dY7ysOi5EVQHnzaxS+1NmV+/RVRpmrzGw1QgY2Xpmw==, registry: http://registry.npm.taobao.org/, tarball: https://registry.npmmirror.com/esbuild-linux-arm/-/esbuild-linux-arm-0.14.23.tgz}
    name: esbuild-linux-arm
    version: 0.14.23
    engines: {node: '>=12'}
    cpu: [arm]
    os: [linux]
    requiresBuild: true
    dev: true
    optional: true

  registry.npmmirror.com/esbuild-linux-arm64/0.14.23:
    resolution: {integrity: sha512-c4MLOIByNHR55n3KoYf9hYDfBRghMjOiHLaoYLhkQkIabb452RWi+HsNgB41sUpSlOAqfpqKPFNg7VrxL3UX9g==, registry: http://registry.npm.taobao.org/, tarball: https://registry.npmmirror.com/esbuild-linux-arm64/-/esbuild-linux-arm64-0.14.23.tgz}
    name: esbuild-linux-arm64
    version: 0.14.23
    engines: {node: '>=12'}
    cpu: [arm64]
    os: [linux]
    requiresBuild: true
    dev: true
    optional: true

  registry.npmmirror.com/esbuild-linux-mips64le/0.14.23:
    resolution: {integrity: sha512-kHKyKRIAedYhKug2EJpyJxOUj3VYuamOVA1pY7EimoFPzaF3NeY7e4cFBAISC/Av0/tiV0xlFCt9q0HJ68IBIw==, registry: http://registry.npm.taobao.org/, tarball: https://registry.npmmirror.com/esbuild-linux-mips64le/-/esbuild-linux-mips64le-0.14.23.tgz}
    name: esbuild-linux-mips64le
    version: 0.14.23
    engines: {node: '>=12'}
    cpu: [mips64el]
    os: [linux]
    requiresBuild: true
    dev: true
    optional: true

  registry.npmmirror.com/esbuild-linux-ppc64le/0.14.23:
    resolution: {integrity: sha512-7ilAiJEPuJJnJp/LiDO0oJm5ygbBPzhchJJh9HsHZzeqO+3PUzItXi+8PuicY08r0AaaOe25LA7sGJ0MzbfBag==, registry: http://registry.npm.taobao.org/, tarball: https://registry.npmmirror.com/esbuild-linux-ppc64le/-/esbuild-linux-ppc64le-0.14.23.tgz}
    name: esbuild-linux-ppc64le
    version: 0.14.23
    engines: {node: '>=12'}
    cpu: [ppc64]
    os: [linux]
    requiresBuild: true
    dev: true
    optional: true

  registry.npmmirror.com/esbuild-linux-riscv64/0.14.23:
    resolution: {integrity: sha512-fbL3ggK2wY0D8I5raPIMPhpCvODFE+Bhb5QGtNP3r5aUsRR6TQV+ZBXIaw84iyvKC8vlXiA4fWLGhghAd/h/Zg==, registry: http://registry.npm.taobao.org/, tarball: https://registry.npmmirror.com/esbuild-linux-riscv64/-/esbuild-linux-riscv64-0.14.23.tgz}
    name: esbuild-linux-riscv64
    version: 0.14.23
    engines: {node: '>=12'}
    cpu: [riscv64]
    os: [linux]
    requiresBuild: true
    dev: true
    optional: true

  registry.npmmirror.com/esbuild-linux-s390x/0.14.23:
    resolution: {integrity: sha512-GHMDCyfy7+FaNSO8RJ8KCFsnax8fLUsOrj9q5Gi2JmZMY0Zhp75keb5abTFCq2/Oy6KVcT0Dcbyo/bFb4rIFJA==, registry: http://registry.npm.taobao.org/, tarball: https://registry.npmmirror.com/esbuild-linux-s390x/-/esbuild-linux-s390x-0.14.23.tgz}
    name: esbuild-linux-s390x
    version: 0.14.23
    engines: {node: '>=12'}
    cpu: [s390x]
    os: [linux]
    requiresBuild: true
    dev: true
    optional: true

  registry.npmmirror.com/esbuild-netbsd-64/0.14.23:
    resolution: {integrity: sha512-ovk2EX+3rrO1M2lowJfgMb/JPN1VwVYrx0QPUyudxkxLYrWeBxDKQvc6ffO+kB4QlDyTfdtAURrVzu3JeNdA2g==, registry: http://registry.npm.taobao.org/, tarball: https://registry.npmmirror.com/esbuild-netbsd-64/-/esbuild-netbsd-64-0.14.23.tgz}
    name: esbuild-netbsd-64
    version: 0.14.23
    engines: {node: '>=12'}
    cpu: [x64]
    os: [netbsd]
    requiresBuild: true
    dev: true
    optional: true

  registry.npmmirror.com/esbuild-openbsd-64/0.14.23:
    resolution: {integrity: sha512-uYYNqbVR+i7k8ojP/oIROAHO9lATLN7H2QeXKt2H310Fc8FJj4y3Wce6hx0VgnJ4k1JDrgbbiXM8rbEgQyg8KA==, registry: http://registry.npm.taobao.org/, tarball: https://registry.npmmirror.com/esbuild-openbsd-64/-/esbuild-openbsd-64-0.14.23.tgz}
    name: esbuild-openbsd-64
    version: 0.14.23
    engines: {node: '>=12'}
    cpu: [x64]
    os: [openbsd]
    requiresBuild: true
    dev: true
    optional: true

  registry.npmmirror.com/esbuild-sunos-64/0.14.23:
    resolution: {integrity: sha512-hAzeBeET0+SbScknPzS2LBY6FVDpgE+CsHSpe6CEoR51PApdn2IB0SyJX7vGelXzlyrnorM4CAsRyb9Qev4h9g==, registry: http://registry.npm.taobao.org/, tarball: https://registry.npmmirror.com/esbuild-sunos-64/-/esbuild-sunos-64-0.14.23.tgz}
    name: esbuild-sunos-64
    version: 0.14.23
    engines: {node: '>=12'}
    cpu: [x64]
    os: [sunos]
    requiresBuild: true
    dev: true
    optional: true

  registry.npmmirror.com/esbuild-windows-32/0.14.23:
    resolution: {integrity: sha512-Kttmi3JnohdaREbk6o9e25kieJR379TsEWF0l39PQVHXq3FR6sFKtVPgY8wk055o6IB+rllrzLnbqOw/UV60EA==, registry: http://registry.npm.taobao.org/, tarball: https://registry.npmmirror.com/esbuild-windows-32/-/esbuild-windows-32-0.14.23.tgz}
    name: esbuild-windows-32
    version: 0.14.23
    engines: {node: '>=12'}
    cpu: [ia32]
    os: [win32]
    requiresBuild: true
    dev: true
    optional: true

  registry.npmmirror.com/esbuild-windows-64/0.14.23:
    resolution: {integrity: sha512-JtIT0t8ymkpl6YlmOl6zoSWL5cnCgyLaBdf/SiU/Eg3C13r0NbHZWNT/RDEMKK91Y6t79kTs3vyRcNZbfu5a8g==, registry: http://registry.npm.taobao.org/, tarball: https://registry.npmmirror.com/esbuild-windows-64/-/esbuild-windows-64-0.14.23.tgz}
    name: esbuild-windows-64
    version: 0.14.23
    engines: {node: '>=12'}
    cpu: [x64]
    os: [win32]
    requiresBuild: true
    dev: true
    optional: true

  registry.npmmirror.com/esbuild-windows-arm64/0.14.23:
    resolution: {integrity: sha512-cTFaQqT2+ik9e4hePvYtRZQ3pqOvKDVNarzql0VFIzhc0tru/ZgdLoXd6epLiKT+SzoSce6V9YJ+nn6RCn6SHw==, registry: http://registry.npm.taobao.org/, tarball: https://registry.npmmirror.com/esbuild-windows-arm64/-/esbuild-windows-arm64-0.14.23.tgz}
    name: esbuild-windows-arm64
    version: 0.14.23
    engines: {node: '>=12'}
    cpu: [arm64]
    os: [win32]
    requiresBuild: true
    dev: true
    optional: true

  registry.npmmirror.com/esbuild/0.14.23:
    resolution: {integrity: sha512-XjnIcZ9KB6lfonCa+jRguXyRYcldmkyZ99ieDksqW/C8bnyEX299yA4QH2XcgijCgaddEZePPTgvx/2imsq7Ig==, registry: http://registry.npm.taobao.org/, tarball: https://registry.npmmirror.com/esbuild/-/esbuild-0.14.23.tgz}
    name: esbuild
    version: 0.14.23
    engines: {node: '>=12'}
    hasBin: true
    requiresBuild: true
    optionalDependencies:
      esbuild-android-arm64: registry.npmmirror.com/esbuild-android-arm64/0.14.23
      esbuild-darwin-64: registry.npmmirror.com/esbuild-darwin-64/0.14.23
      esbuild-darwin-arm64: registry.npmmirror.com/esbuild-darwin-arm64/0.14.23
      esbuild-freebsd-64: registry.npmmirror.com/esbuild-freebsd-64/0.14.23
      esbuild-freebsd-arm64: registry.npmmirror.com/esbuild-freebsd-arm64/0.14.23
      esbuild-linux-32: registry.npmmirror.com/esbuild-linux-32/0.14.23
      esbuild-linux-64: registry.npmmirror.com/esbuild-linux-64/0.14.23
      esbuild-linux-arm: registry.npmmirror.com/esbuild-linux-arm/0.14.23
      esbuild-linux-arm64: registry.npmmirror.com/esbuild-linux-arm64/0.14.23
      esbuild-linux-mips64le: registry.npmmirror.com/esbuild-linux-mips64le/0.14.23
      esbuild-linux-ppc64le: registry.npmmirror.com/esbuild-linux-ppc64le/0.14.23
      esbuild-linux-riscv64: registry.npmmirror.com/esbuild-linux-riscv64/0.14.23
      esbuild-linux-s390x: registry.npmmirror.com/esbuild-linux-s390x/0.14.23
      esbuild-netbsd-64: registry.npmmirror.com/esbuild-netbsd-64/0.14.23
      esbuild-openbsd-64: registry.npmmirror.com/esbuild-openbsd-64/0.14.23
      esbuild-sunos-64: registry.npmmirror.com/esbuild-sunos-64/0.14.23
      esbuild-windows-32: registry.npmmirror.com/esbuild-windows-32/0.14.23
      esbuild-windows-64: registry.npmmirror.com/esbuild-windows-64/0.14.23
      esbuild-windows-arm64: registry.npmmirror.com/esbuild-windows-arm64/0.14.23
    dev: true

  registry.npmmirror.com/estree-walker/2.0.2:
    resolution: {integrity: sha512-Rfkk/Mp/DL7JVje3u18FxFujQlTNR2q6QfMSMB7AvCBx91NGj/ba3kCfza0f6dVDbw7YlRf/nDrn7pQrCCyQ/w==, registry: http://registry.npm.taobao.org/, tarball: https://registry.npmmirror.com/estree-walker/-/estree-walker-2.0.2.tgz}
    name: estree-walker
    version: 2.0.2
    dev: true

  registry.npmmirror.com/fsevents/2.3.2:
    resolution: {integrity: sha512-xiqMQR4xAeHTuB9uWm+fFRcIOgKBMiOBP+eXiyT7jsgVCq1bkVygt00oASowB7EdtpOHaaPgKt812P9ab+DDKA==, registry: http://registry.npm.taobao.org/, tarball: https://registry.npmmirror.com/fsevents/-/fsevents-2.3.2.tgz}
    name: fsevents
    version: 2.3.2
    engines: {node: ^8.16.0 || ^10.6.0 || >=11.0.0}
    os: [darwin]
    requiresBuild: true
    dev: true
    optional: true

  registry.npmmirror.com/function-bind/1.1.1:
    resolution: {integrity: sha512-yIovAzMX49sF8Yl58fSCWJ5svSLuaibPxXQJFLmBObTuCr0Mf1KiPopGM9NiFjiYBCbfaa2Fh6breQ6ANVTI0A==, registry: http://registry.npm.taobao.org/, tarball: https://registry.npmmirror.com/function-bind/-/function-bind-1.1.1.tgz}
    name: function-bind
    version: 1.1.1
    dev: true

  registry.npmmirror.com/has/1.0.3:
    resolution: {integrity: sha512-f2dvO0VU6Oej7RkWJGrehjbzMAjFp5/VKPp5tTpWIV4JHHZK1/BxbFRtf/siA2SWTe09caDmVtYYzWEIbBS4zw==, registry: http://registry.npm.taobao.org/, tarball: https://registry.npmmirror.com/has/-/has-1.0.3.tgz}
    name: has
    version: 1.0.3
    engines: {node: '>= 0.4.0'}
    dependencies:
      function-bind: registry.npmmirror.com/function-bind/1.1.1
    dev: true

  registry.npmmirror.com/is-core-module/2.8.1:
    resolution: {integrity: sha512-SdNCUs284hr40hFTFP6l0IfZ/RSrMXF3qgoRHd3/79unUTvrFO/JoXwkGm+5J/Oe3E/b5GsnG330uUNgRpu1PA==, registry: http://registry.npm.taobao.org/, tarball: https://registry.npmmirror.com/is-core-module/-/is-core-module-2.8.1.tgz}
    name: is-core-module
    version: 2.8.1
    dependencies:
      has: registry.npmmirror.com/has/1.0.3
    dev: true

  registry.npmmirror.com/magic-string/0.25.7:
    resolution: {integrity: sha512-4CrMT5DOHTDk4HYDlzmwu4FVCcIYI8gauveasrdCu2IKIFOJ3f0v/8MDGJCDL9oD2ppz/Av1b0Nj345H9M+XIA==, registry: http://registry.npm.taobao.org/, tarball: https://registry.npmmirror.com/magic-string/-/magic-string-0.25.7.tgz}
    name: magic-string
    version: 0.25.7
    dependencies:
      sourcemap-codec: registry.npmmirror.com/sourcemap-codec/1.4.8
    dev: true

  registry.npmmirror.com/nanoid/3.3.1:
    resolution: {integrity: sha512-n6Vs/3KGyxPQd6uO0eH4Bv0ojGSUvuLlIHtC3Y0kEO23YRge8H9x1GCzLn28YX0H66pMkxuaeESFq4tKISKwdw==, registry: http://registry.npm.taobao.org/, tarball: https://registry.npmmirror.com/nanoid/-/nanoid-3.3.1.tgz}
    name: nanoid
    version: 3.3.1
    engines: {node: ^10 || ^12 || ^13.7 || ^14 || >=15.0.1}
    hasBin: true
    dev: true

  registry.npmmirror.com/path-parse/1.0.7:
    resolution: {integrity: sha512-LDJzPVEEEPR+y48z93A0Ed0yXb8pAByGWo/k5YYdYgpY2/2EsOsksJrq7lOHxryrVOn1ejG6oAp8ahvOIQD8sw==, registry: http://registry.npm.taobao.org/, tarball: https://registry.npmmirror.com/path-parse/-/path-parse-1.0.7.tgz}
    name: path-parse
    version: 1.0.7
    dev: true

  registry.npmmirror.com/picocolors/1.0.0:
    resolution: {integrity: sha512-1fygroTLlHu66zi26VoTDv8yRgm0Fccecssto+MhsZ0D/DGW2sm8E8AjW7NU5VVTRt5GxbeZ5qBuJr+HyLYkjQ==, registry: http://registry.npm.taobao.org/, tarball: https://registry.npmmirror.com/picocolors/-/picocolors-1.0.0.tgz}
    name: picocolors
    version: 1.0.0
    dev: true

  registry.npmmirror.com/postcss/8.4.6:
    resolution: {integrity: sha512-OovjwIzs9Te46vlEx7+uXB0PLijpwjXGKXjVGGPIGubGpq7uh5Xgf6D6FiJ/SzJMBosHDp6a2hiXOS97iBXcaA==, registry: http://registry.npm.taobao.org/, tarball: https://registry.npmmirror.com/postcss/-/postcss-8.4.6.tgz}
    name: postcss
    version: 8.4.6
    engines: {node: ^10 || ^12 || >=14}
    dependencies:
      nanoid: registry.npmmirror.com/nanoid/3.3.1
      picocolors: registry.npmmirror.com/picocolors/1.0.0
      source-map-js: registry.npmmirror.com/source-map-js/1.0.2
    dev: true

  registry.npmmirror.com/preact/10.6.6:
    resolution: {integrity: sha512-dgxpTFV2vs4vizwKohYKkk7g7rmp1wOOcfd4Tz3IB3Wi+ivZzsn/SpeKJhRENSE+n8sUfsAl4S3HiCVT923ABw==, registry: http://registry.npm.taobao.org/, tarball: https://registry.npmmirror.com/preact/-/preact-10.6.6.tgz}
    name: preact
    version: 10.6.6
    dev: true

  registry.npmmirror.com/prismjs/1.27.0:
    resolution: {integrity: sha512-t13BGPUlFDR7wRB5kQDG4jjl7XeuH6jbJGt11JHPL96qwsEHNX2+68tFXqc1/k+/jALsbSWJKUOT/hcYAZ5LkA==, registry: http://registry.npm.taobao.org/, tarball: https://registry.npmmirror.com/prismjs/-/prismjs-1.27.0.tgz}
    name: prismjs
    version: 1.27.0
    engines: {node: '>=6'}
    dev: true

  registry.npmmirror.com/resolve/1.22.0:
    resolution: {integrity: sha512-Hhtrw0nLeSrFQ7phPp4OOcVjLPIeMnRlr5mcnVuMe7M/7eBn98A3hmFRLoFo3DLZkivSYwhRUJTyPyWAk56WLw==, registry: http://registry.npm.taobao.org/, tarball: https://registry.npmmirror.com/resolve/-/resolve-1.22.0.tgz}
    name: resolve
    version: 1.22.0
    hasBin: true
    dependencies:
      is-core-module: registry.npmmirror.com/is-core-module/2.8.1
      path-parse: registry.npmmirror.com/path-parse/1.0.7
      supports-preserve-symlinks-flag: registry.npmmirror.com/supports-preserve-symlinks-flag/1.0.0
    dev: true

  registry.npmmirror.com/rollup/2.67.3:
    resolution: {integrity: sha512-G/x1vUwbGtP6O5ZM8/sWr8+p7YfZhI18pPqMRtMYMWSbHjKZ/ajHGiM+GWNTlWyOR0EHIdT8LHU+Z4ciIZ1oBw==, registry: http://registry.npm.taobao.org/, tarball: https://registry.npmmirror.com/rollup/-/rollup-2.67.3.tgz}
    name: rollup
    version: 2.67.3
    engines: {node: '>=10.0.0'}
    hasBin: true
    optionalDependencies:
      fsevents: registry.npmmirror.com/fsevents/2.3.2
    dev: true

  registry.npmmirror.com/source-map-js/1.0.2:
    resolution: {integrity: sha512-R0XvVJ9WusLiqTCEiGCmICCMplcCkIwwR11mOSD9CR5u+IXYdiseeEuXCVAjS54zqwkLcPNnmU4OeJ6tUrWhDw==, registry: http://registry.npm.taobao.org/, tarball: https://registry.npmmirror.com/source-map-js/-/source-map-js-1.0.2.tgz}
    name: source-map-js
    version: 1.0.2
    engines: {node: '>=0.10.0'}
    dev: true

  registry.npmmirror.com/source-map/0.6.1:
    resolution: {integrity: sha512-UjgapumWlbMhkBgzT7Ykc5YXUT46F0iKu8SGXq0bcwP5dz/h0Plj6enJqjz1Zbq2l5WaqYnrVbwWOWMyF3F47g==, registry: http://registry.npm.taobao.org/, tarball: https://registry.npmmirror.com/source-map/-/source-map-0.6.1.tgz}
    name: source-map
    version: 0.6.1
    engines: {node: '>=0.10.0'}
    dev: true

  registry.npmmirror.com/sourcemap-codec/1.4.8:
    resolution: {integrity: sha512-9NykojV5Uih4lgo5So5dtw+f0JgJX30KCNI8gwhz2J9A15wD0Ml6tjHKwf6fTSa6fAdVBdZeNOs9eJ71qCk8vA==, registry: http://registry.npm.taobao.org/, tarball: https://registry.npmmirror.com/sourcemap-codec/-/sourcemap-codec-1.4.8.tgz}
    name: sourcemap-codec
    version: 1.4.8
    dev: true

  registry.npmmirror.com/supports-preserve-symlinks-flag/1.0.0:
    resolution: {integrity: sha512-ot0WnXS9fgdkgIcePe6RHNk1WA8+muPa6cSjeR3V8K27q9BB1rTE3R1p7Hv0z1ZyAc8s6Vvv8DIyWf681MAt0w==, registry: http://registry.npm.taobao.org/, tarball: https://registry.npmmirror.com/supports-preserve-symlinks-flag/-/supports-preserve-symlinks-flag-1.0.0.tgz}
    name: supports-preserve-symlinks-flag
    version: 1.0.0
    engines: {node: '>= 0.4'}
    dev: true

  registry.npmmirror.com/vite/2.8.4:
    resolution: {integrity: sha512-GwtOkkaT2LDI82uWZKcrpRQxP5tymLnC7hVHHqNkhFNknYr0hJUlDLfhVRgngJvAy3RwypkDCWtTKn1BjO96Dw==, registry: http://registry.npm.taobao.org/, tarball: https://registry.npmmirror.com/vite/-/vite-2.8.4.tgz}
    name: vite
    version: 2.8.4
    engines: {node: '>=12.2.0'}
    hasBin: true
    peerDependencies:
      less: '*'
      sass: '*'
      stylus: '*'
    peerDependenciesMeta:
      less:
        optional: true
      sass:
        optional: true
      stylus:
        optional: true
    dependencies:
      esbuild: registry.npmmirror.com/esbuild/0.14.23
      postcss: registry.npmmirror.com/postcss/8.4.6
      resolve: registry.npmmirror.com/resolve/1.22.0
      rollup: registry.npmmirror.com/rollup/2.67.3
    optionalDependencies:
      fsevents: registry.npmmirror.com/fsevents/2.3.2
    dev: true

  registry.npmmirror.com/vitepress/0.21.6:
    resolution: {integrity: sha512-OzwD2cTfvoK5VKV0UWSqu4XvUOz4vWFJ4Bdi0z8GoVkTFXkfmbFawEDVXAZwzu0Hn4/VLopgmEyooc91iGKFlg==, registry: http://registry.npm.taobao.org/, tarball: https://registry.npmmirror.com/vitepress/-/vitepress-0.21.6.tgz}
    name: vitepress
    version: 0.21.6
    engines: {node: '>=12.0.0'}
    hasBin: true
    dependencies:
      '@docsearch/css': registry.npmmirror.com/@docsearch/css/3.0.0-alpha.50
      '@docsearch/js': registry.npmmirror.com/@docsearch/js/3.0.0-alpha.50
      '@vitejs/plugin-vue': registry.npmmirror.com/@vitejs/plugin-vue/2.2.2_vite@2.8.4+vue@3.2.31
      prismjs: registry.npmmirror.com/prismjs/1.27.0
      vite: registry.npmmirror.com/vite/2.8.4
      vue: registry.npmmirror.com/vue/3.2.31
    transitivePeerDependencies:
      - '@algolia/client-search'
      - '@types/react'
      - less
      - react
      - react-dom
      - sass
      - stylus
    dev: true

  registry.npmmirror.com/vue/3.2.31:
    resolution: {integrity: sha512-odT3W2tcffTiQCy57nOT93INw1auq5lYLLYtWpPYQQYQOOdHiqFct9Xhna6GJ+pJQaF67yZABraH47oywkJgFw==, registry: http://registry.npm.taobao.org/, tarball: https://registry.npmmirror.com/vue/-/vue-3.2.31.tgz}
    name: vue
    version: 3.2.31
    dependencies:
      '@vue/compiler-dom': registry.npmmirror.com/@vue/compiler-dom/3.2.31
      '@vue/compiler-sfc': registry.npmmirror.com/@vue/compiler-sfc/3.2.31
      '@vue/runtime-dom': registry.npmmirror.com/@vue/runtime-dom/3.2.31
      '@vue/server-renderer': registry.npmmirror.com/@vue/server-renderer/3.2.31_vue@3.2.31
      '@vue/shared': registry.npmmirror.com/@vue/shared/3.2.31
    dev: true
